
Microsoft Visual Studio Solution File, Format Version 12.00
# Visual Studio 15
VisualStudioVersion = 15.0.28307.1062
MinimumVisualStudioVersion = 10.0.40219.1
Project("{8BC9CEB8-8B4A-11D0-8D11-00A0C91BC942}") = "RawNN", "RawNN.vcxproj", "{4200ADFA-6ACE-4B18-B015-3EE170990DD7}"
EndProject
Project("{8BC9CEB8-8B4A-11D0-8D11-00A0C91BC942}") = "PackTensor", "PackTensor\PackTensor.vcxproj", "{839A3EC5-761E-4FB9-85D9-B5BDD8301E96}"
EndProject
Global
	GlobalSection(SolutionConfigurationPlatforms) = preSolution
		Debug|x64 = Debug|x64
		Release|x64 = Release|x64
	EndGlobalSection
	GlobalSection(ProjectConfigurationPlatforms) = postSolution
		{4200ADFA-6ACE-4B18-B015-3EE170990DD7}.Debug|x64.ActiveCfg = Debug|x64
		{4200ADFA-6ACE-4B18-B015-3EE170990DD7}.Debug|x64.Build.0 = Debug|x64
		{4200ADFA-6ACE-4B18-B015-3EE170990DD7}.Release|x64.ActiveCfg = Release|x64
		{4200ADFA-6ACE-4B18-B015-3EE170990DD7}.Release|x64.Build.0 = Release|x64
		{839A3EC5-761E-4FB9-85D9-B5BDD8301E96}.Debug|x64.ActiveCfg = Debug|x64
		{839A3EC5-761E-4FB9-85D9-B5BDD8301E96}.Debug|x64.Build.0 = Debug|x64
		{839A3EC5-761E-4FB9-85D9-B5BDD8301E96}.Release|x64.ActiveCfg = Release|x64
		{839A3EC5-761E-4FB9-85D9-B5BDD8301E96}.Release|x64.Build.0 = Release|x64
	EndGlobalSection
	GlobalSection(SolutionProperties) = preSolution
		HideSolutionNode = FALSE
	EndGlobalSection
	GlobalSection(ExtensibilityGlobals) = postSolution
		SolutionGuid = {5926175C-4335-4FD5-BD1F-C4655188945C}
	EndGlobalSection
EndGlobal
