
Microsoft Visual Studio Solution File, Format Version 12.00
# Visual Studio 15
VisualStudioVersion = 15.0.28307.1062
MinimumVisualStudioVersion = 10.0.40219.1
Project("{8BC9CEB8-8B4A-11D0-8D11-00A0C91BC942}") = "RawNN2", "RawNN2.vcxproj", "{72E7E312-5710-456F-B90C-AD589A7573D1}"
EndProject
Project("{8BC9CEB8-8B4A-11D0-8D11-00A0C91BC942}") = "PackTensor", "PackTensor\PackTensor.vcxproj", "{839A3EC5-761E-4FB9-85D9-B5BDD8301E96}"
EndProject
Global
	GlobalSection(SolutionConfigurationPlatforms) = preSolution
		Debug|x64 = Debug|x64
		Debug|x86 = Debug|x86
		Release|x64 = Release|x64
		Release|x86 = Release|x86
	EndGlobalSection
	GlobalSection(ProjectConfigurationPlatforms) = postSolution
		{72E7E312-5710-456F-B90C-AD589A7573D1}.Debug|x64.ActiveCfg = Debug|x64
		{72E7E312-5710-456F-B90C-AD589A7573D1}.Debug|x64.Build.0 = Debug|x64
		{72E7E312-5710-456F-B90C-AD589A7573D1}.Debug|x86.ActiveCfg = Debug|Win32
		{72E7E312-5710-456F-B90C-AD589A7573D1}.Debug|x86.Build.0 = Debug|Win32
		{72E7E312-5710-456F-B90C-AD589A7573D1}.Release|x64.ActiveCfg = Release|x64
		{72E7E312-5710-456F-B90C-AD589A7573D1}.Release|x64.Build.0 = Release|x64
		{72E7E312-5710-456F-B90C-AD589A7573D1}.Release|x86.ActiveCfg = Release|Win32
		{72E7E312-5710-456F-B90C-AD589A7573D1}.Release|x86.Build.0 = Release|Win32
		{839A3EC5-761E-4FB9-85D9-B5BDD8301E96}.Debug|x64.ActiveCfg = Debug|x64
		{839A3EC5-761E-4FB9-85D9-B5BDD8301E96}.Debug|x64.Build.0 = Debug|x64
		{839A3EC5-761E-4FB9-85D9-B5BDD8301E96}.Debug|x86.ActiveCfg = Debug|Win32
		{839A3EC5-761E-4FB9-85D9-B5BDD8301E96}.Debug|x86.Build.0 = Debug|Win32
		{839A3EC5-761E-4FB9-85D9-B5BDD8301E96}.Release|x64.ActiveCfg = Release|x64
		{839A3EC5-761E-4FB9-85D9-B5BDD8301E96}.Release|x64.Build.0 = Release|x64
		{839A3EC5-761E-4FB9-85D9-B5BDD8301E96}.Release|x86.ActiveCfg = Release|Win32
		{839A3EC5-761E-4FB9-85D9-B5BDD8301E96}.Release|x86.Build.0 = Release|Win32
	EndGlobalSection
	GlobalSection(SolutionProperties) = preSolution
		HideSolutionNode = FALSE
	EndGlobalSection
	GlobalSection(ExtensibilityGlobals) = postSolution
		SolutionGuid = {133B1348-6811-419C-A7A7-764B31681B4F}
	EndGlobalSection
EndGlobal
